{
  "requires": true,
  "lockfileVersion": 1,
  "dependencies": {
    "inline-worker": {
      "version": "1.1.0",
      "resolved": "https://registry.npmjs.org/inline-worker/-/inline-worker-1.1.0.tgz",
      "integrity": "sha1-VelvVJFaZCsAhyotqm/oMrQkyY0="
    },
    "recorder-js": {
      "version": "1.0.7",
      "resolved": "https://registry.npmjs.org/recorder-js/-/recorder-js-1.0.7.tgz",
      "integrity": "sha1-VBbwXIY9lcS260smWK1sG6+fVnc=",
      "requires": {
        "inline-worker": "^1.1.0"
      }
    }
  }
}
